Microsoft Visual Studio Solution File, Format Version 12.00
# Visual Studio 2012
Project("{FAE04EC0-301F-11D3-BF4B-00C04F79EFBC}") = "Another Flappy Bird Clone", "Another Flappy Bird Clone.csproj", "{2422FC86-EDD5-4167-A3C0-682EF0CF4954}"
EndProject
Global
	GlobalSection(SolutionConfigurationPlatforms) = preSolution
	Debug|Any CPU = Debug|Any CPU
	ExportDebug|Any CPU = ExportDebug|Any CPU
	ExportRelease|Any CPU = ExportRelease|Any CPU
	EndGlobalSection
	GlobalSection(ProjectConfigurationPlatforms) = postSolution
		{2422FC86-EDD5-4167-A3C0-682EF0CF4954}.Debug|Any CPU.ActiveCfg = Debug|Any CPU
		{2422FC86-EDD5-4167-A3C0-682EF0CF4954}.Debug|Any CPU.Build.0 = Debug|Any CPU
		{2422FC86-EDD5-4167-A3C0-682EF0CF4954}.ExportDebug|Any CPU.ActiveCfg = ExportDebug|Any CPU
		{2422FC86-EDD5-4167-A3C0-682EF0CF4954}.ExportDebug|Any CPU.Build.0 = ExportDebug|Any CPU
		{2422FC86-EDD5-4167-A3C0-682EF0CF4954}.ExportRelease|Any CPU.ActiveCfg = ExportRelease|Any CPU
		{2422FC86-EDD5-4167-A3C0-682EF0CF4954}.ExportRelease|Any CPU.Build.0 = ExportRelease|Any CPU
	EndGlobalSection
EndGlobal
